
Microsoft Visual Studio Solution File, Format Version 12.00
# Visual Studio 14
VisualStudioVersion = 14.0.25420.1
MinimumVisualStudioVersion = 10.0.40219.1
Project("{FAE04EC0-301F-11D3-BF4B-00C04F79EFBC}") = "HelloREST.Server", "HelloREST.Server\HelloREST.Server.csproj", "{B9F499E1-1BCD-4AA6-B69A-81808A600EF9}"
EndProject
Project("{FAE04EC0-301F-11D3-BF4B-00C04F79EFBC}") = "HelloREST.Client.Desktop", "HelloREST.Client.Desktop\HelloREST.Client.Desktop.csproj", "{52CDA24A-F04F-4594-9660-3784D6697C38}"
EndProject
Global
	GlobalSection(SolutionConfigurationPlatforms) = preSolution
		Debug|Any CPU = Debug|Any CPU
		Release|Any CPU = Release|Any CPU
	EndGlobalSection
	GlobalSection(ProjectConfigurationPlatforms) = postSolution
		{B9F499E1-1BCD-4AA6-B69A-81808A600EF9}.Debug|Any CPU.ActiveCfg = Debug|Any CPU
		{B9F499E1-1BCD-4AA6-B69A-81808A600EF9}.Debug|Any CPU.Build.0 = Debug|Any CPU
		{B9F499E1-1BCD-4AA6-B69A-81808A600EF9}.Release|Any CPU.ActiveCfg = Release|Any CPU
		{B9F499E1-1BCD-4AA6-B69A-81808A600EF9}.Release|Any CPU.Build.0 = Release|Any CPU
		{52CDA24A-F04F-4594-9660-3784D6697C38}.Debug|Any CPU.ActiveCfg = Debug|Any CPU
		{52CDA24A-F04F-4594-9660-3784D6697C38}.Debug|Any CPU.Build.0 = Debug|Any CPU
		{52CDA24A-F04F-4594-9660-3784D6697C38}.Release|Any CPU.ActiveCfg = Release|Any CPU
		{52CDA24A-F04F-4594-9660-3784D6697C38}.Release|Any CPU.Build.0 = Release|Any CPU
	EndGlobalSection
	GlobalSection(SolutionProperties) = preSolution
		HideSolutionNode = FALSE
	EndGlobalSection
EndGlobal
